
Microsoft Visual Studio Solution File, Format Version 12.00
# Visual Studio Version 17
VisualStudioVersion = 17.0.31903.59
MinimumVisualStudioVersion = 10.0.40219.1
Project("{FAE04EC0-301F-11D3-BF4B-00C04F79EFBC}") = "PrimeService", "PrimeService\PrimeService.csproj", "{4A2C3A83-30BB-4072-953C-DE6427E19BD5}"
EndProject
Project("{FAE04EC0-301F-11D3-BF4B-00C04F79EFBC}") = "PrimeService.Tests", "PrimeService.Tests\PrimeService.Tests.csproj", "{D8C1CC8E-226B-4FCD-8585-F8D6FBABC771}"
EndProject
Global
	GlobalSection(SolutionConfigurationPlatforms) = preSolution
		Debug|Any CPU = Debug|Any CPU
		Release|Any CPU = Release|Any CPU
	EndGlobalSection
	GlobalSection(SolutionProperties) = preSolution
		HideSolutionNode = FALSE
	EndGlobalSection
	GlobalSection(ProjectConfigurationPlatforms) = postSolution
		{4A2C3A83-30BB-4072-953C-DE6427E19BD5}.Debug|Any CPU.ActiveCfg = Debug|Any CPU
		{4A2C3A83-30BB-4072-953C-DE6427E19BD5}.Debug|Any CPU.Build.0 = Debug|Any CPU
		{4A2C3A83-30BB-4072-953C-DE6427E19BD5}.Release|Any CPU.ActiveCfg = Release|Any CPU
		{4A2C3A83-30BB-4072-953C-DE6427E19BD5}.Release|Any CPU.Build.0 = Release|Any CPU
		{D8C1CC8E-226B-4FCD-8585-F8D6FBABC771}.Debug|Any CPU.ActiveCfg = Debug|Any CPU
		{D8C1CC8E-226B-4FCD-8585-F8D6FBABC771}.Debug|Any CPU.Build.0 = Debug|Any CPU
		{D8C1CC8E-226B-4FCD-8585-F8D6FBABC771}.Release|Any CPU.ActiveCfg = Release|Any CPU
		{D8C1CC8E-226B-4FCD-8585-F8D6FBABC771}.Release|Any CPU.Build.0 = Release|Any CPU
	EndGlobalSection
EndGlobal
